
Microsoft Visual Studio Solution File, Format Version 12.00
# Visual Studio Version 17
VisualStudioVersion = 17.0.31903.59
MinimumVisualStudioVersion = 10.0.40219.1
Project("{FAE04EC0-301F-11D3-BF4B-00C04F79EFBC}") = "JobScheduleNotifications.Api", "JobScheduleNotifications.Api\JobScheduleNotifications.Api.csproj", "{FD7D23B0-2A3D-4133-A0E7-C6178073A0C4}"
EndProject
Project("{FAE04EC0-301F-11D3-BF4B-00C04F79EFBC}") = "JobScheduleNotifications.Core", "JobScheduleNotifications.Core\JobScheduleNotifications.Core.csproj", "{60BE6BE3-EE1B-479D-AD73-1C94838F44DF}"
EndProject
Project("{FAE04EC0-301F-11D3-BF4B-00C04F79EFBC}") = "JobScheduleNotifications.Infrastructure", "JobScheduleNotifications.Infrastructure\JobScheduleNotifications.Infrastructure.csproj", "{2CF48CED-F690-43F7-B935-643D49E174C6}"
EndProject
Project("{FAE04EC0-301F-11D3-BF4B-00C04F79EFBC}") = "JobScheduleNotifications.Application", "JobScheduleNotifications.Application\JobScheduleNotifications.Application.csproj", "{A675045C-5B10-43C0-BB4C-04055DF7EB06}"
EndProject
Project("{FAE04EC0-301F-11D3-BF4B-00C04F79EFBC}") = "JobScheduleNotifications.Composition", "JobScheduleNotifications.Composition\JobScheduleNotifications.Composition.csproj", "{FF3C91BC-ECF6-48D7-BD81-262CC0D1F8EE}"
EndProject
Project("{FAE04EC0-301F-11D3-BF4B-00C04F79EFBC}") = "JobScheduleNotifications.Mobile", "JobScheduleNotifications.Mobile\JobScheduleNotifications.Mobile.csproj", "{AC2C5606-5A26-47AD-8C14-A16BC08A618C}"
EndProject
Project("{FAE04EC0-301F-11D3-BF4B-00C04F79EFBC}") = "JobScheduleNotifications.Contracts", "JobScheduleNotifications.Contracts\JobScheduleNotifications.Contracts.csproj", "{0D729EBE-0209-453A-BE6C-74383971E078}"
EndProject
Project("{FAE04EC0-301F-11D3-BF4B-00C04F79EFBC}") = "Mobile.App", "Mobile.App\Mobile.App.csproj", "{0A3F3F42-50CE-4287-B46F-9FBEBF3958C5}"
EndProject
Project("{FAE04EC0-301F-11D3-BF4B-00C04F79EFBC}") = "DemoApp", "DemoApp\DemoApp.csproj", "{5316CA54-4945-47E6-AC2D-8D481CEDA772}"
EndProject
Global
	GlobalSection(SolutionConfigurationPlatforms) = preSolution
		Debug|Any CPU = Debug|Any CPU
		Release|Any CPU = Release|Any CPU
	EndGlobalSection
	GlobalSection(ProjectConfigurationPlatforms) = postSolution
		{FD7D23B0-2A3D-4133-A0E7-C6178073A0C4}.Debug|Any CPU.ActiveCfg = Debug|Any CPU
		{FD7D23B0-2A3D-4133-A0E7-C6178073A0C4}.Debug|Any CPU.Build.0 = Debug|Any CPU
		{FD7D23B0-2A3D-4133-A0E7-C6178073A0C4}.Release|Any CPU.ActiveCfg = Release|Any CPU
		{FD7D23B0-2A3D-4133-A0E7-C6178073A0C4}.Release|Any CPU.Build.0 = Release|Any CPU
		{60BE6BE3-EE1B-479D-AD73-1C94838F44DF}.Debug|Any CPU.ActiveCfg = Debug|Any CPU
		{60BE6BE3-EE1B-479D-AD73-1C94838F44DF}.Debug|Any CPU.Build.0 = Debug|Any CPU
		{60BE6BE3-EE1B-479D-AD73-1C94838F44DF}.Release|Any CPU.ActiveCfg = Release|Any CPU
		{60BE6BE3-EE1B-479D-AD73-1C94838F44DF}.Release|Any CPU.Build.0 = Release|Any CPU
		{2CF48CED-F690-43F7-B935-643D49E174C6}.Debug|Any CPU.ActiveCfg = Debug|Any CPU
		{2CF48CED-F690-43F7-B935-643D49E174C6}.Debug|Any CPU.Build.0 = Debug|Any CPU
		{2CF48CED-F690-43F7-B935-643D49E174C6}.Release|Any CPU.ActiveCfg = Release|Any CPU
		{2CF48CED-F690-43F7-B935-643D49E174C6}.Release|Any CPU.Build.0 = Release|Any CPU
		{A675045C-5B10-43C0-BB4C-04055DF7EB06}.Debug|Any CPU.ActiveCfg = Debug|Any CPU
		{A675045C-5B10-43C0-BB4C-04055DF7EB06}.Debug|Any CPU.Build.0 = Debug|Any CPU
		{A675045C-5B10-43C0-BB4C-04055DF7EB06}.Release|Any CPU.ActiveCfg = Release|Any CPU
		{A675045C-5B10-43C0-BB4C-04055DF7EB06}.Release|Any CPU.Build.0 = Release|Any CPU
		{FF3C91BC-ECF6-48D7-BD81-262CC0D1F8EE}.Debug|Any CPU.ActiveCfg = Debug|Any CPU
		{FF3C91BC-ECF6-48D7-BD81-262CC0D1F8EE}.Debug|Any CPU.Build.0 = Debug|Any CPU
		{FF3C91BC-ECF6-48D7-BD81-262CC0D1F8EE}.Release|Any CPU.ActiveCfg = Release|Any CPU
		{FF3C91BC-ECF6-48D7-BD81-262CC0D1F8EE}.Release|Any CPU.Build.0 = Release|Any CPU
		{AC2C5606-5A26-47AD-8C14-A16BC08A618C}.Debug|Any CPU.ActiveCfg = Debug|Any CPU
		{AC2C5606-5A26-47AD-8C14-A16BC08A618C}.Debug|Any CPU.Build.0 = Debug|Any CPU
		{AC2C5606-5A26-47AD-8C14-A16BC08A618C}.Release|Any CPU.ActiveCfg = Release|Any CPU
		{AC2C5606-5A26-47AD-8C14-A16BC08A618C}.Release|Any CPU.Build.0 = Release|Any CPU
		{0D729EBE-0209-453A-BE6C-74383971E078}.Debug|Any CPU.ActiveCfg = Debug|Any CPU
		{0D729EBE-0209-453A-BE6C-74383971E078}.Debug|Any CPU.Build.0 = Debug|Any CPU
		{0D729EBE-0209-453A-BE6C-74383971E078}.Release|Any CPU.ActiveCfg = Release|Any CPU
		{0D729EBE-0209-453A-BE6C-74383971E078}.Release|Any CPU.Build.0 = Release|Any CPU
		{0A3F3F42-50CE-4287-B46F-9FBEBF3958C5}.Debug|Any CPU.ActiveCfg = Debug|Any CPU
		{0A3F3F42-50CE-4287-B46F-9FBEBF3958C5}.Debug|Any CPU.Build.0 = Debug|Any CPU
		{0A3F3F42-50CE-4287-B46F-9FBEBF3958C5}.Debug|Any CPU.Deploy.0 = Debug|Any CPU
		{0A3F3F42-50CE-4287-B46F-9FBEBF3958C5}.Release|Any CPU.ActiveCfg = Release|Any CPU
		{0A3F3F42-50CE-4287-B46F-9FBEBF3958C5}.Release|Any CPU.Build.0 = Release|Any CPU
		{5316CA54-4945-47E6-AC2D-8D481CEDA772}.Debug|Any CPU.ActiveCfg = Debug|Any CPU
		{5316CA54-4945-47E6-AC2D-8D481CEDA772}.Debug|Any CPU.Build.0 = Debug|Any CPU
		{5316CA54-4945-47E6-AC2D-8D481CEDA772}.Release|Any CPU.ActiveCfg = Release|Any CPU
		{5316CA54-4945-47E6-AC2D-8D481CEDA772}.Release|Any CPU.Build.0 = Release|Any CPU
	EndGlobalSection
	GlobalSection(SolutionProperties) = preSolution
		HideSolutionNode = FALSE
	EndGlobalSection
	GlobalSection(ExtensibilityGlobals) = postSolution
		SolutionGuid = {A4169ED5-2A1A-4BDA-9F92-28F86C5FAC15}
	EndGlobalSection
EndGlobal
